
Microsoft Visual Studio Solution File, Format Version 12.00
# Visual Studio Version 16
VisualStudioVersion = 16.0.30621.155
MinimumVisualStudioVersion = 10.0.40219.1
Project("{FAE04EC0-301F-11D3-BF4B-00C04F79EFBC}") = "YTMProject", "YTMProject\YTMProject.csproj", "{3E154479-2611-4C3D-B952-E2CD58F20F66}"
EndProject
Global
	GlobalSection(SolutionConfigurationPlatforms) = preSolution
		Debug|Any CPU = Debug|Any CPU
		Release|Any CPU = Release|Any CPU
	EndGlobalSection
	GlobalSection(ProjectConfigurationPlatforms) = postSolution
		{3E154479-2611-4C3D-B952-E2CD58F20F66}.Debug|Any CPU.ActiveCfg = Debug|Any CPU
		{3E154479-2611-4C3D-B952-E2CD58F20F66}.Debug|Any CPU.Build.0 = Debug|Any CPU
		{3E154479-2611-4C3D-B952-E2CD58F20F66}.Release|Any CPU.ActiveCfg = Release|Any CPU
		{3E154479-2611-4C3D-B952-E2CD58F20F66}.Release|Any CPU.Build.0 = Release|Any CPU
	EndGlobalSection
	GlobalSection(SolutionProperties) = preSolution
		HideSolutionNode = FALSE
	EndGlobalSection
	GlobalSection(ExtensibilityGlobals) = postSolution
		SolutionGuid = {96471128-484D-49B7-8E33-BA833971E00E}
	EndGlobalSection
EndGlobal
